
Microsoft Visual Studio Solution File, Format Version 12.00
# Visual Studio Version 16
VisualStudioVersion = 16.0.32126.315
MinimumVisualStudioVersion = 10.0.40219.1
Project("{FAE04EC0-301F-11D3-BF4B-00C04F79EFBC}") = "CasoEstudio2", "CasoEstudio2\CasoEstudio2.csproj", "{8E5F82DA-1F18-492F-89B1-B8ABCC9F878A}"
EndProject
Global
	GlobalSection(SolutionConfigurationPlatforms) = preSolution
		Debug|Any CPU = Debug|Any CPU
		Release|Any CPU = Release|Any CPU
	EndGlobalSection
	GlobalSection(ProjectConfigurationPlatforms) = postSolution
		{8E5F82DA-1F18-492F-89B1-B8ABCC9F878A}.Debug|Any CPU.ActiveCfg = Debug|Any CPU
		{8E5F82DA-1F18-492F-89B1-B8ABCC9F878A}.Debug|Any CPU.Build.0 = Debug|Any CPU
		{8E5F82DA-1F18-492F-89B1-B8ABCC9F878A}.Release|Any CPU.ActiveCfg = Release|Any CPU
		{8E5F82DA-1F18-492F-89B1-B8ABCC9F878A}.Release|Any CPU.Build.0 = Release|Any CPU
	EndGlobalSection
	GlobalSection(SolutionProperties) = preSolution
		HideSolutionNode = FALSE
	EndGlobalSection
	GlobalSection(ExtensibilityGlobals) = postSolution
		SolutionGuid = {3D19A204-48F7-476C-9BD3-0620033E5270}
	EndGlobalSection
EndGlobal
